{
  "nodes": {
    "nixglhost-src": {
      "flake": false,
      "locked": {
        "lastModified": 1732211616,
        "narHash": "sha256-QZCKJoypcwgS3tDNSWMjlxEBZtOYPW3eXV24rMzKsac=",
        "owner": "numtide",
        "repo": "nix-gl-host",
        "rev": "5269b233f83880a0b433eafe026f0bc0d8f1a4a9",
        "type": "github"
      },
      "original": {
        "owner": "numtide",
        "ref": "main",
        "repo": "nix-gl-host",
        "type": "github"
      }
    },
    "nixpkgs": {
      "locked": {
        "lastModified": 1750151854,
        "narHash": "sha256-3za+1J9FifMetO7E/kwgyW+dp+8pPBNlWKfcBovnn6M=",
        "owner": "NixOS",
        "repo": "nixpkgs",
        "rev": "ad5c70bcc5cc5178205161b7a7d61a6e80f6d244",
        "type": "github"
      },
      "original": {
        "owner": "NixOS",
        "ref": "nixos-24.11",
        "repo": "nixpkgs",
        "type": "github"
      }
    },
    "root": {
      "inputs": {
        "nixglhost-src": "nixglhost-src",
        "nixpkgs": "nixpkgs"
      }
    }
  },
  "root": "root",
  "version": 7
}
